// !$*UTF8*$!
{
	archiveVersion = 1;
	classes = {
	};
	objectVersion = 51;
	objects = {

/* Begin PBXBuildFile section */
		2C3184EC25237C4500D70FAA /* ChatViewController.swift in Sources */ = {isa = PBXBuildFile; fileRef = 2C3184EB25237C4500D70FAA /* ChatViewController.swift */; };
		2C3184F025237C9000D70FAA /* PostMessageViewController.swift in Sources */ = {isa = PBXBuildFile; fileRef = 2C3184EF25237C9000D70FAA /* PostMessageViewController.swift */; };
		2C3184F525237E9100D70FAA /* ChatTableViewCell.swift in Sources */ = {isa = PBXBuildFile; fileRef = 2C3184F325237E9100D70FAA /* ChatTableViewCell.swift */; };
		2C3184F625237E9100D70FAA /* ChatTableViewCell.xib in Resources */ = {isa = PBXBuildFile; fileRef = 2C3184F425237E9100D70FAA /* ChatTableViewCell.xib */; };
		2C3184FA252482E200D70FAA /* Post.swift in Sources */ = {isa = PBXBuildFile; fileRef = 2C3184F9252482E200D70FAA /* Post.swift */; };
		2CC8E618252371680082F455 /* AppDelegate.swift in Sources */ = {isa = PBXBuildFile; fileRef = 2CC8E617252371680082F455 /* AppDelegate.swift */; };
		2CC8E61A252371690082F455 /* SceneDelegate.swift in Sources */ = {isa = PBXBuildFile; fileRef = 2CC8E619252371690082F455 /* SceneDelegate.swift */; };
		2CC8E61C252371690082F455 /* ViewController.swift in Sources */ = {isa = PBXBuildFile; fileRef = 2CC8E61B252371690082F455 /* ViewController.swift */; };
		2CC8E61F252371690082F455 /* Main.storyboard in Resources */ = {isa = PBXBuildFile; fileRef = 2CC8E61D252371690082F455 /* Main.storyboard */; };
		2CC8E621252371690082F455 /* Assets.xcassets in Resources */ = {isa = PBXBuildFile; fileRef = 2CC8E620252371690082F455 /* Assets.xcassets */; };
		2CC8E624252371690082F455 /* LaunchScreen.storyboard in Resources */ = {isa = PBXBuildFile; fileRef = 2CC8E622252371690082F455 /* LaunchScreen.storyboard */; };
		2CC8E62D252372810082F455 /* GoogleService-Info.plist in Resources */ = {isa = PBXBuildFile; fileRef = 2CC8E62C252372810082F455 /* GoogleService-Info.plist */; };
		6918AB1932405634246B3411 /* Pods_FirestoreProduct.framework in Frameworks */ = {isa = PBXBuildFile; fileRef = 62CD003F879DD4517C2DECA3 /* Pods_FirestoreProduct.framework */; };
/* End PBXBuildFile section */

/* Begin PBXFileReference section */
		0C56F5919FBCCD1B843562B8 /* Pods-FirestoreProduct.release.xcconfig */ = {isa = PBXFileReference; includeInIndex = 1; lastKnownFileType = text.xcconfig; name = "Pods-FirestoreProduct.release.xcconfig"; path = "Target Support Files/Pods-FirestoreProduct/Pods-FirestoreProduct.release.xcconfig"; sourceTree = "<group>"; };
		2C3184EB25237C4500D70FAA /* ChatViewController.swift */ = {isa = PBXFileReference; lastKnownFileType = sourcecode.swift; path = ChatViewController.swift; sourceTree = "<group>"; };
		2C3184EF25237C9000D70FAA /* PostMessageViewController.swift */ = {isa = PBXFileReference; lastKnownFileType = sourcecode.swift; path = PostMessageViewController.swift; sourceTree = "<group>"; };
		2C3184F325237E9100D70FAA /* ChatTableViewCell.swift */ = {isa = PBXFileReference; lastKnownFileType = sourcecode.swift; path = ChatTableViewCell.swift; sourceTree = "<group>"; };
		2C3184F425237E9100D70FAA /* ChatTableViewCell.xib */ = {isa = PBXFileReference; lastKnownFileType = file.xib; path = ChatTableViewCell.xib; sourceTree = "<group>"; };
		2C3184F9252482E200D70FAA /* Post.swift */ = {isa = PBXFileReference; lastKnownFileType = sourcecode.swift; path = Post.swift; sourceTree = "<group>"; };
		2CC8E614252371680082F455 /* FirestoreProduct.app */ = {isa = PBXFileReference; explicitFileType = wrapper.application; includeInIndex = 0; path = FirestoreProduct.app; sourceTree = BUILT_PRODUCTS_DIR; };
		2CC8E617252371680082F455 /* AppDelegate.swift */ = {isa = PBXFileReference; lastKnownFileType = sourcecode.swift; path = AppDelegate.swift; sourceTree = "<group>"; };
		2CC8E619252371690082F455 /* SceneDelegate.swift */ = {isa = PBXFileReference; lastKnownFileType = sourcecode.swift; path = SceneDelegate.swift; sourceTree = "<group>"; };
		2CC8E61B252371690082F455 /* ViewController.swift */ = {isa = PBXFileReference; lastKnownFileType = sourcecode.swift; path = ViewController.swift; sourceTree = "<group>"; };
		2CC8E61E252371690082F455 /* Base */ = {isa = PBXFileReference; lastKnownFileType = file.storyboard; name = Base; path = Base.lproj/Main.storyboard; sourceTree = "<group>"; };
		2CC8E620252371690082F455 /* Assets.xcassets */ = {isa = PBXFileReference; lastKnownFileType = folder.assetcatalog; path = Assets.xcassets; sourceTree = "<group>"; };
		2CC8E623252371690082F455 /* Base */ = {isa = PBXFileReference; lastKnownFileType = file.storyboard; name = Base; path = Base.lproj/LaunchScreen.storyboard; sourceTree = "<group>"; };
		2CC8E625252371690082F455 /* Info.plist */ = {isa = PBXFileReference; lastKnownFileType = text.plist.xml; path = Info.plist; sourceTree = "<group>"; };
		2CC8E62C252372810082F455 /* GoogleService-Info.plist */ = {isa = PBXFileReference; fileEncoding = 4; lastKnownFileType = text.plist.xml; path = "GoogleService-Info.plist"; sourceTree = "<group>"; };
		62CD003F879DD4517C2DECA3 /* Pods_FirestoreProduct.framework */ = {isa = PBXFileReference; explicitFileType = wrapper.framework; includeInIndex = 0; path = Pods_FirestoreProduct.framework; sourceTree = BUILT_PRODUCTS_DIR; };
		79FBF1BEFAD3C0F1D62C1726 /* Pods-FirestoreProduct.debug.xcconfig */ = {isa = PBXFileReference; includeInIndex = 1; lastKnownFileType = text.xcconfig; name = "Pods-FirestoreProduct.debug.xcconfig"; path = "Target Support Files/Pods-FirestoreProduct/Pods-FirestoreProduct.debug.xcconfig"; sourceTree = "<group>"; };
/* End PBXFileReference section */

/* Begin PBXFrameworksBuildPhase section */
		2CC8E611252371680082F455 /* Frameworks */ = {
			isa = PBXFrameworksBuildPhase;
			buildActionMask = 2147483647;
			files = (
				6918AB1932405634246B3411 /* Pods_FirestoreProduct.framework in Frameworks */,
			);
			runOnlyForDeploymentPostprocessing = 0;
		};
/* End PBXFrameworksBuildPhase section */

/* Begin PBXGroup section */
		21AF11C2AD12385DEE4ACCCC /* Frameworks */ = {
			isa = PBXGroup;
			children = (
				62CD003F879DD4517C2DECA3 /* Pods_FirestoreProduct.framework */,
			);
			name = Frameworks;
			sourceTree = "<group>";
		};
		2CC8E60B252371680082F455 = {
			isa = PBXGroup;
			children = (
				2CC8E616252371680082F455 /* FirestoreProduct */,
				2CC8E615252371680082F455 /* Products */,
				8ED309FB4ED9B383A3256AB3 /* Pods */,
				21AF11C2AD12385DEE4ACCCC /* Frameworks */,
			);
			sourceTree = "<group>";
		};
		2CC8E615252371680082F455 /* Products */ = {
			isa = PBXGroup;
			children = (
				2CC8E614252371680082F455 /* FirestoreProduct.app */,
			);
			name = Products;
			sourceTree = "<group>";
		};
		2CC8E616252371680082F455 /* FirestoreProduct */ = {
			isa = PBXGroup;
			children = (
				2CC8E617252371680082F455 /* AppDelegate.swift */,
				2CC8E619252371690082F455 /* SceneDelegate.swift */,
				2CC8E61B252371690082F455 /* ViewController.swift */,
				2C3184EB25237C4500D70FAA /* ChatViewController.swift */,
				2C3184EF25237C9000D70FAA /* PostMessageViewController.swift */,
				2C3184F325237E9100D70FAA /* ChatTableViewCell.swift */,
				2C3184F9252482E200D70FAA /* Post.swift */,
				2CC8E61D252371690082F455 /* Main.storyboard */,
				2C3184F425237E9100D70FAA /* ChatTableViewCell.xib */,
				2CC8E620252371690082F455 /* Assets.xcassets */,
				2CC8E622252371690082F455 /* LaunchScreen.storyboard */,
				2CC8E62C252372810082F455 /* GoogleService-Info.plist */,
				2CC8E625252371690082F455 /* Info.plist */,
			);
			path = FirestoreProduct;
			sourceTree = "<group>";
		};
		8ED309FB4ED9B383A3256AB3 /* Pods */ = {
			isa = PBXGroup;
			children = (
				79FBF1BEFAD3C0F1D62C1726 /* Pods-FirestoreProduct.debug.xcconfig */,
				0C56F5919FBCCD1B843562B8 /* Pods-FirestoreProduct.release.xcconfig */,
			);
			path = Pods;
			sourceTree = "<group>";
		};
/* End PBXGroup section */

/* Begin PBXNativeTarget section */
		2CC8E613252371680082F455 /* FirestoreProduct */ = {
			isa = PBXNativeTarget;
			buildConfigurationList = 2CC8E628252371690082F455 /* Build configuration list for PBXNativeTarget "FirestoreProduct" */;
			buildPhases = (
				A45F531F38B930CE4DDCC9D3 /* [CP] Check Pods Manifest.lock */,
				2CC8E610252371680082F455 /* Sources */,
				2CC8E611252371680082F455 /* Frameworks */,
				2CC8E612252371680082F455 /* Resources */,
				90B04458EF0669B21CC9D026 /* [CP] Embed Pods Frameworks */,
			);
			buildRules = (
			);
			dependencies = (
			);
			name = FirestoreProduct;
			productName = FirestoreProduct;
			productReference = 2CC8E614252371680082F455 /* FirestoreProduct.app */;
			productType = "com.apple.product-type.application";
		};
/* End PBXNativeTarget section */

/* Begin PBXProject section */
		2CC8E60C252371680082F455 /* Project object */ = {
			isa = PBXProject;
			attributes = {
				LastSwiftUpdateCheck = 1200;
				LastUpgradeCheck = 1200;
				TargetAttributes = {
					2CC8E613252371680082F455 = {
						CreatedOnToolsVersion = 12.0.1;
					};
				};
			};
			buildConfigurationList = 2CC8E60F252371680082F455 /* Build configuration list for PBXProject "FirestoreProduct" */;
			compatibilityVersion = "Xcode 9.3";
			developmentRegion = en;
			hasScannedForEncodings = 0;
			knownRegions = (
				en,
				Base,
			);
			mainGroup = 2CC8E60B252371680082F455;
			productRefGroup = 2CC8E615252371680082F455 /* Products */;
			projectDirPath = "";
			projectRoot = "";
			targets = (
				2CC8E613252371680082F455 /* FirestoreProduct */,
			);
		};
/* End PBXProject section */

/* Begin PBXResourcesBuildPhase section */
		2CC8E612252371680082F455 /* Resources */ = {
			isa = PBXResourcesBuildPhase;
			buildActionMask = 2147483647;
			files = (
				2CC8E624252371690082F455 /* LaunchScreen.storyboard in Resources */,
				2CC8E62D252372810082F455 /* GoogleService-Info.plist in Resources */,
				2C3184F625237E9100D70FAA /* ChatTableViewCell.xib in Resources */,
				2CC8E621252371690082F455 /* Assets.xcassets in Resources */,
				2CC8E61F252371690082F455 /* Main.storyboard in Resources */,
			);
			runOnlyForDeploymentPostprocessing = 0;
		};
/* End PBXResourcesBuildPhase section */

/* Begin PBXShellScriptBuildPhase section */
		90B04458EF0669B21CC9D026 /* [CP] Embed Pods Frameworks */ = {
			isa = PBXShellScriptBuildPhase;
			buildActionMask = 2147483647;
			files = (
			);
			inputFileListPaths = (
				"${PODS_ROOT}/Target Support Files/Pods-FirestoreProduct/Pods-FirestoreProduct-frameworks-${CONFIGURATION}-input-files.xcfilelist",
			);
			name = "[CP] Embed Pods Frameworks";
			outputFileListPaths = (
				"${PODS_ROOT}/Target Support Files/Pods-FirestoreProduct/Pods-FirestoreProduct-frameworks-${CONFIGURATION}-output-files.xcfilelist",
			);
			runOnlyForDeploymentPostprocessing = 0;
			shellPath = /bin/sh;
			shellScript = "\"${PODS_ROOT}/Target Support Files/Pods-FirestoreProduct/Pods-FirestoreProduct-frameworks.sh\"\n";
			showEnvVarsInLog = 0;
		};
		A45F531F38B930CE4DDCC9D3 /* [CP] Check Pods Manifest.lock */ = {
			isa = PBXShellScriptBuildPhase;
			buildActionMask = 2147483647;
			files = (
			);
			inputFileListPaths = (
			);
			inputPaths = (
				"${PODS_PODFILE_DIR_PATH}/Podfile.lock",
				"${PODS_ROOT}/Manifest.lock",
			);
			name = "[CP] Check Pods Manifest.lock";
			outputFileListPaths = (
			);
			outputPaths = (
				"$(DERIVED_FILE_DIR)/Pods-FirestoreProduct-checkManifestLockResult.txt",
			);
			runOnlyForDeploymentPostprocessing = 0;
			shellPath = /bin/sh;
			shellScript = "diff \"${PODS_PODFILE_DIR_PATH}/Podfile.lock\" \"${PODS_ROOT}/Manifest.lock\" > /dev/null\nif [ $? != 0 ] ; then\n    # print error to STDERR\n    echo \"error: The sandbox is not in sync with the Podfile.lock. Run 'pod install' or update your CocoaPods installation.\" >&2\n    exit 1\nfi\n# This output is used by Xcode 'outputs' to avoid re-running this script phase.\necho \"SUCCESS\" > \"${SCRIPT_OUTPUT_FILE_0}\"\n";
			showEnvVarsInLog = 0;
		};
/* End PBXShellScriptBuildPhase section */

/* Begin PBXSourcesBuildPhase section */
		2CC8E610252371680082F455 /* Sources */ = {
			isa = PBXSourcesBuildPhase;
			buildActionMask = 2147483647;
			files = (
				2CC8E61C252371690082F455 /* ViewController.swift in Sources */,
				2CC8E618252371680082F455 /* AppDelegate.swift in Sources */,
				2C3184F025237C9000D70FAA /* PostMessageViewController.swift in Sources */,
				2C3184F525237E9100D70FAA /* ChatTableViewCell.swift in Sources */,
				2C3184EC25237C4500D70FAA /* ChatViewController.swift in Sources */,
				2C3184FA252482E200D70FAA /* Post.swift in Sources */,
				2CC8E61A252371690082F455 /* SceneDelegate.swift in Sources */,
			);
			runOnlyForDeploymentPostprocessing = 0;
		};
/* End PBXSourcesBuildPhase section */

/* Begin PBXVariantGroup section */
		2CC8E61D252371690082F455 /* Main.storyboard */ = {
			isa = PBXVariantGroup;
			children = (
				2CC8E61E252371690082F455 /* Base */,
			);
			name = Main.storyboard;
			sourceTree = "<group>";
		};
		2CC8E622252371690082F455 /* LaunchScreen.storyboard */ = {
			isa = PBXVariantGroup;
			children = (
				2CC8E623252371690082F455 /* Base */,
			);
			name = LaunchScreen.storyboard;
			sourceTree = "<group>";
		};
/* End PBXVariantGroup section */

/* Begin XCBuildConfiguration section */
		2CC8E626252371690082F455 /* Debug */ = {
			isa = XCBuildConfiguration;
			buildSettings = {
				ALWAYS_SEARCH_USER_PATHS = NO;
				CLANG_ANALYZER_NONNULL = YES;
				CLANG_ANALYZER_NUMBER_OBJECT_CONVERSION = YES_AGGRESSIVE;
				CLANG_CXX_LANGUAGE_STANDARD = "gnu++14";
				CLANG_CXX_LIBRARY = "libc++";
				CLANG_ENABLE_MODULES = YES;
				CLANG_ENABLE_OBJC_ARC = YES;
				CLANG_ENABLE_OBJC_WEAK = YES;
				CLANG_WARN_BLOCK_CAPTURE_AUTORELEASING = YES;
				CLANG_WARN_BOOL_CONVERSION = YES;
				CLANG_WARN_COMMA = YES;
				CLANG_WARN_CONSTANT_CONVERSION = YES;
				CLANG_WARN_DEPRECATED_OBJC_IMPLEMENTATIONS = YES;
				CLANG_WARN_DIRECT_OBJC_ISA_USAGE = YES_ERROR;
				CLANG_WARN_DOCUMENTATION_COMMENTS = YES;
				CLANG_WARN_EMPTY_BODY = YES;
				CLANG_WARN_ENUM_CONVERSION = YES;
				CLANG_WARN_INFINITE_RECURSION = YES;
				CLANG_WARN_INT_CONVERSION = YES;
				CLANG_WARN_NON_LITERAL_NULL_CONVERSION = YES;
				CLANG_WARN_OBJC_IMPLICIT_RETAIN_SELF = YES;
				CLANG_WARN_OBJC_LITERAL_CONVERSION = YES;
				CLANG_WARN_OBJC_ROOT_CLASS = YES_ERROR;
				CLANG_WARN_QUOTED_INCLUDE_IN_FRAMEWORK_HEADER = YES;
				CLANG_WARN_RANGE_LOOP_ANALYSIS = YES;
				CLANG_WARN_STRICT_PROTOTYPES = YES;
				CLANG_WARN_SUSPICIOUS_MOVE = YES;
				CLANG_WARN_UNGUARDED_AVAILABILITY = YES_AGGRESSIVE;
				CLANG_WARN_UNREACHABLE_CODE = YES;
				CLANG_WARN__DUPLICATE_METHOD_MATCH = YES;
				COPY_PHASE_STRIP = NO;
				DEBUG_INFORMATION_FORMAT = dwarf;
				ENABLE_STRICT_OBJC_MSGSEND = YES;
				ENABLE_TESTABILITY = YES;
				GCC_C_LANGUAGE_STANDARD = gnu11;
				GCC_DYNAMIC_NO_PIC = NO;
				GCC_NO_COMMON_BLOCKS = YES;
				GCC_OPTIMIZATION_LEVEL = 0;
				GCC_PREPROCESSOR_DEFINITIONS = (
					"DEBUG=1",
					"$(inherited)",
				);
				GCC_WARN_64_TO_32_BIT_CONVERSION = YES;
				GCC_WARN_ABOUT_RETURN_TYPE = YES_ERROR;
				GCC_WARN_UNDECLARED_SELECTOR = YES;
				GCC_WARN_UNINITIALIZED_AUTOS = YES_AGGRESSIVE;
				GCC_WARN_UNUSED_FUNCTION = YES;
				GCC_WARN_UNUSED_VARIABLE = YES;
				IPHONEOS_DEPLOYMENT_TARGET = 14.0;
				MTL_ENABLE_DEBUG_INFO = INCLUDE_SOURCE;
				MTL_FAST_MATH = YES;
				ONLY_ACTIVE_ARCH = YES;
				SDKROOT = iphoneos;
				SWIFT_ACTIVE_COMPILATION_CONDITIONS = DEBUG;
				SWIFT_OPTIMIZATION_LEVEL = "-Onone";
			};
			name = Debug;
		};
		2CC8E627252371690082F455 /* Release */ = {
			isa = XCBuildConfiguration;
			buildSettings = {
				ALWAYS_SEARCH_USER_PATHS = NO;
				CLANG_ANALYZER_NONNULL = YES;
				CLANG_ANALYZER_NUMBER_OBJECT_CONVERSION = YES_AGGRESSIVE;
				CLANG_CXX_LANGUAGE_STANDARD = "gnu++14";
				CLANG_CXX_LIBRARY = "libc++";
				CLANG_ENABLE_MODULES = YES;
				CLANG_ENABLE_OBJC_ARC = YES;
				CLANG_ENABLE_OBJC_WEAK = YES;
				CLANG_WARN_BLOCK_CAPTURE_AUTORELEASING = YES;
				CLANG_WARN_BOOL_CONVERSION = YES;
				CLANG_WARN_COMMA = YES;
				CLANG_WARN_CONSTANT_CONVERSION = YES;
				CLANG_WARN_DEPRECATED_OBJC_IMPLEMENTATIONS = YES;
				CLANG_WARN_DIRECT_OBJC_ISA_USAGE = YES_ERROR;
				CLANG_WARN_DOCUMENTATION_COMMENTS = YES;
				CLANG_WARN_EMPTY_BODY = YES;
				CLANG_WARN_ENUM_CONVERSION = YES;
				CLANG_WARN_INFINITE_RECURSION = YES;
				CLANG_WARN_INT_CONVERSION = YES;
				CLANG_WARN_NON_LITERAL_NULL_CONVERSION = YES;
				CLANG_WARN_OBJC_IMPLICIT_RETAIN_SELF = YES;
				CLANG_WARN_OBJC_LITERAL_CONVERSION = YES;
				CLANG_WARN_OBJC_ROOT_CLASS = YES_ERROR;
				CLANG_WARN_QUOTED_INCLUDE_IN_FRAMEWORK_HEADER = YES;
				CLANG_WARN_RANGE_LOOP_ANALYSIS = YES;
				CLANG_WARN_STRICT_PROTOTYPES = YES;
				CLANG_WARN_SUSPICIOUS_MOVE = YES;
				CLANG_WARN_UNGUARDED_AVAILABILITY = YES_AGGRESSIVE;
				CLANG_WARN_UNREACHABLE_CODE = YES;
				CLANG_WARN__DUPLICATE_METHOD_MATCH = YES;
				COPY_PHASE_STRIP = NO;
				DEBUG_INFORMATION_FORMAT = "dwarf-with-dsym";
				ENABLE_NS_ASSERTIONS = NO;
				ENABLE_STRICT_OBJC_MSGSEND = YES;
				GCC_C_LANGUAGE_STANDARD = gnu11;
				GCC_NO_COMMON_BLOCKS = YES;
				GCC_WARN_64_TO_32_BIT_CONVERSION = YES;
				GCC_WARN_ABOUT_RETURN_TYPE = YES_ERROR;
				GCC_WARN_UNDECLARED_SELECTOR = YES;
				GCC_WARN_UNINITIALIZED_AUTOS = YES_AGGRESSIVE;
				GCC_WARN_UNUSED_FUNCTION = YES;
				GCC_WARN_UNUSED_VARIABLE = YES;
				IPHONEOS_DEPLOYMENT_TARGET = 14.0;
				MTL_ENABLE_DEBUG_INFO = NO;
				MTL_FAST_MATH = YES;
				SDKROOT = iphoneos;
				SWIFT_COMPILATION_MODE = wholemodule;
				SWIFT_OPTIMIZATION_LEVEL = "-O";
				VALIDATE_PRODUCT = YES;
			};
			name = Release;
		};
		2CC8E629252371690082F455 /* Debug */ = {
			isa = XCBuildConfiguration;
			baseConfigurationReference = 79FBF1BEFAD3C0F1D62C1726 /* Pods-FirestoreProduct.debug.xcconfig */;
			buildSettings = {
				ASSETCATALOG_COMPILER_APPICON_NAME = AppIcon;
				ASSETCATALOG_COMPILER_GLOBAL_ACCENT_COLOR_NAME = AccentColor;
				CODE_SIGN_STYLE = Automatic;
				DEVELOPMENT_TEAM = R2P8732Z2M;
				INFOPLIST_FILE = FirestoreProduct/Info.plist;
				LD_RUNPATH_SEARCH_PATHS = (
					"$(inherited)",
					"@executable_path/Frameworks",
				);
				PRODUCT_BUNDLE_IDENTIFIER = com.gmail.8181suisho.FirestoreProduct;
				PRODUCT_NAME = "$(TARGET_NAME)";
				SWIFT_VERSION = 5.0;
				TARGETED_DEVICE_FAMILY = "1,2";
			};
			name = Debug;
		};
		2CC8E62A252371690082F455 /* Release */ = {
			isa = XCBuildConfiguration;
			baseConfigurationReference = 0C56F5919FBCCD1B843562B8 /* Pods-FirestoreProduct.release.xcconfig */;
			buildSettings = {
				ASSETCATALOG_COMPILER_APPICON_NAME = AppIcon;
				ASSETCATALOG_COMPILER_GLOBAL_ACCENT_COLOR_NAME = AccentColor;
				CODE_SIGN_STYLE = Automatic;
				DEVELOPMENT_TEAM = R2P8732Z2M;
				INFOPLIST_FILE = FirestoreProduct/Info.plist;
				LD_RUNPATH_SEARCH_PATHS = (
					"$(inherited)",
					"@executable_path/Frameworks",
				);
				PRODUCT_BUNDLE_IDENTIFIER = com.gmail.8181suisho.FirestoreProduct;
				PRODUCT_NAME = "$(TARGET_NAME)";
				SWIFT_VERSION = 5.0;
				TARGETED_DEVICE_FAMILY = "1,2";
			};
			name = Release;
		};
/* End XCBuildConfiguration section */

/* Begin XCConfigurationList section */
		2CC8E60F252371680082F455 /* Build configuration list for PBXProject "FirestoreProduct" */ = {
			isa = XCConfigurationList;
			buildConfigurations = (
				2CC8E626252371690082F455 /* Debug */,
				2CC8E627252371690082F455 /* Release */,
			);
			defaultConfigurationIsVisible = 0;
			defaultConfigurationName = Release;
		};
		2CC8E628252371690082F455 /* Build configuration list for PBXNativeTarget "FirestoreProduct" */ = {
			isa = XCConfigurationList;
			buildConfigurations = (
				2CC8E629252371690082F455 /* Debug */,
				2CC8E62A252371690082F455 /* Release */,
			);
			defaultConfigurationIsVisible = 0;
			defaultConfigurationName = Release;
		};
/* End XCConfigurationList section */
	};
	rootObject = 2CC8E60C252371680082F455 /* Project object */;
}
